
Microsoft Visual Studio Solution File, Format Version 12.00
# Visual Studio Version 17
VisualStudioVersion = 17.9.34728.123
MinimumVisualStudioVersion = 10.0.40219.1
Project("{2150E333-8FDC-42A3-9474-1A3956D46DE8}") = "src", "src", "{DE5168B2-4E4F-40BC-BF62-A4AF904FAC3B}"
EndProject
Project("{2150E333-8FDC-42A3-9474-1A3956D46DE8}") = "test", "test", "{5E93E5DB-AF64-42DA-8493-5C6F9E0E4097}"
EndProject
Project("{2150E333-8FDC-42A3-9474-1A3956D46DE8}") = "BuildingBlocks", "BuildingBlocks", "{40270C6B-49D2-477A-9EAE-67EE2740744F}"
EndProject
Project("{2150E333-8FDC-42A3-9474-1A3956D46DE8}") = "Services", "Services", "{9DCD1EB5-FD30-4B3F-8B82-7BC01E74AFBC}"
EndProject
Project("{2150E333-8FDC-42A3-9474-1A3956D46DE8}") = "Auth", "Auth", "{B3F87A03-DB18-449F-B957-01B17326805A}"
EndProject
Project("{FAE04EC0-301F-11D3-BF4B-00C04F79EFBC}") = "BuildingBlocks", "src\BuildingBlocks\BuildingBlocks\BuildingBlocks.csproj", "{0ED5AE00-D02E-4DB5-AA9F-A5C30EC31B09}"
EndProject
Project("{FAE04EC0-301F-11D3-BF4B-00C04F79EFBC}") = "amadeus.backend.Auth", "src\Services\amadeus.backend.Auth\amadeus.backend.Auth.csproj", "{85314C30-2732-45DC-9867-7677FB1D07D6}"
EndProject
Project("{2150E333-8FDC-42A3-9474-1A3956D46DE8}") = "Products", "Products", "{191151D4-BC90-4077-951B-B20C86E80B32}"
EndProject
Project("{2150E333-8FDC-42A3-9474-1A3956D46DE8}") = "Application", "Application", "{B44BA656-82EC-4BDE-BCD2-0AAA926D73E2}"
EndProject
Project("{2150E333-8FDC-42A3-9474-1A3956D46DE8}") = "Domain", "Domain", "{EE26445F-C112-43D9-8F58-09508A5A1873}"
EndProject
Project("{2150E333-8FDC-42A3-9474-1A3956D46DE8}") = "Infrastructure", "Infrastructure", "{9B88A07D-3F46-4E9B-8D99-524941BF22CB}"
EndProject
Project("{2150E333-8FDC-42A3-9474-1A3956D46DE8}") = "Service", "Service", "{CE09E143-A331-412D-9187-B47B350CE425}"
EndProject
Project("{2150E333-8FDC-42A3-9474-1A3956D46DE8}") = "Tranversal", "Tranversal", "{81C470A1-2B71-4B39-9A76-A9DFE49C4D95}"
EndProject
Project("{FAE04EC0-301F-11D3-BF4B-00C04F79EFBC}") = "API", "src\Services\amadeus.backend.Products\API\API.csproj", "{95517E01-0F8F-47E0-852E-61B862B42D12}"
EndProject
Global
	GlobalSection(SolutionConfigurationPlatforms) = preSolution
		Debug|Any CPU = Debug|Any CPU
		Release|Any CPU = Release|Any CPU
	EndGlobalSection
	GlobalSection(ProjectConfigurationPlatforms) = postSolution
		{0ED5AE00-D02E-4DB5-AA9F-A5C30EC31B09}.Debug|Any CPU.ActiveCfg = Debug|Any CPU
		{0ED5AE00-D02E-4DB5-AA9F-A5C30EC31B09}.Debug|Any CPU.Build.0 = Debug|Any CPU
		{0ED5AE00-D02E-4DB5-AA9F-A5C30EC31B09}.Release|Any CPU.ActiveCfg = Release|Any CPU
		{0ED5AE00-D02E-4DB5-AA9F-A5C30EC31B09}.Release|Any CPU.Build.0 = Release|Any CPU
		{85314C30-2732-45DC-9867-7677FB1D07D6}.Debug|Any CPU.ActiveCfg = Debug|Any CPU
		{85314C30-2732-45DC-9867-7677FB1D07D6}.Debug|Any CPU.Build.0 = Debug|Any CPU
		{85314C30-2732-45DC-9867-7677FB1D07D6}.Release|Any CPU.ActiveCfg = Release|Any CPU
		{85314C30-2732-45DC-9867-7677FB1D07D6}.Release|Any CPU.Build.0 = Release|Any CPU
		{95517E01-0F8F-47E0-852E-61B862B42D12}.Debug|Any CPU.ActiveCfg = Debug|Any CPU
		{95517E01-0F8F-47E0-852E-61B862B42D12}.Debug|Any CPU.Build.0 = Debug|Any CPU
		{95517E01-0F8F-47E0-852E-61B862B42D12}.Release|Any CPU.ActiveCfg = Release|Any CPU
		{95517E01-0F8F-47E0-852E-61B862B42D12}.Release|Any CPU.Build.0 = Release|Any CPU
	EndGlobalSection
	GlobalSection(SolutionProperties) = preSolution
		HideSolutionNode = FALSE
	EndGlobalSection
	GlobalSection(NestedProjects) = preSolution
		{40270C6B-49D2-477A-9EAE-67EE2740744F} = {DE5168B2-4E4F-40BC-BF62-A4AF904FAC3B}
		{9DCD1EB5-FD30-4B3F-8B82-7BC01E74AFBC} = {DE5168B2-4E4F-40BC-BF62-A4AF904FAC3B}
		{B3F87A03-DB18-449F-B957-01B17326805A} = {9DCD1EB5-FD30-4B3F-8B82-7BC01E74AFBC}
		{0ED5AE00-D02E-4DB5-AA9F-A5C30EC31B09} = {40270C6B-49D2-477A-9EAE-67EE2740744F}
		{85314C30-2732-45DC-9867-7677FB1D07D6} = {B3F87A03-DB18-449F-B957-01B17326805A}
		{191151D4-BC90-4077-951B-B20C86E80B32} = {9DCD1EB5-FD30-4B3F-8B82-7BC01E74AFBC}
		{B44BA656-82EC-4BDE-BCD2-0AAA926D73E2} = {191151D4-BC90-4077-951B-B20C86E80B32}
		{EE26445F-C112-43D9-8F58-09508A5A1873} = {191151D4-BC90-4077-951B-B20C86E80B32}
		{9B88A07D-3F46-4E9B-8D99-524941BF22CB} = {191151D4-BC90-4077-951B-B20C86E80B32}
		{CE09E143-A331-412D-9187-B47B350CE425} = {191151D4-BC90-4077-951B-B20C86E80B32}
		{81C470A1-2B71-4B39-9A76-A9DFE49C4D95} = {191151D4-BC90-4077-951B-B20C86E80B32}
		{95517E01-0F8F-47E0-852E-61B862B42D12} = {CE09E143-A331-412D-9187-B47B350CE425}
	EndGlobalSection
	GlobalSection(ExtensibilityGlobals) = postSolution
		SolutionGuid = {4BC82AC1-F943-4DDB-863D-4DF62EC00E4E}
	EndGlobalSection
EndGlobal
